
Microsoft Visual Studio Solution File, Format Version 9.00
# Visual Studio 2005
Project("{8BC9CEB8-8B4A-11D0-8D11-00A0C91BC942}") = "Warehouse Manager", "Warehouse Manager\Warehouse Manager.vcproj", "{25A8F228-9ED7-4F68-9A0D-DA8A503EB5C7}"
EndProject
Global
	GlobalSection(SolutionConfigurationPlatforms) = preSolution
		Debug|Win32 = Debug|Win32
		Release|Win32 = Release|Win32
	EndGlobalSection
	GlobalSection(ProjectConfigurationPlatforms) = postSolution
		{25A8F228-9ED7-4F68-9A0D-DA8A503EB5C7}.Debug|Win32.ActiveCfg = Debug|Win32
		{25A8F228-9ED7-4F68-9A0D-DA8A503EB5C7}.Debug|Win32.Build.0 = Debug|Win32
		{25A8F228-9ED7-4F68-9A0D-DA8A503EB5C7}.Release|Win32.ActiveCfg = Release|Win32
		{25A8F228-9ED7-4F68-9A0D-DA8A503EB5C7}.Release|Win32.Build.0 = Release|Win32
	EndGlobalSection
	GlobalSection(SolutionProperties) = preSolution
		HideSolutionNode = FALSE
	EndGlobalSection
EndGlobal
